
Microsoft Visual Studio Solution File, Format Version 12.00
# Visual Studio 14
VisualStudioVersion = 14.0.25420.1
MinimumVisualStudioVersion = 10.0.40219.1
Project("{FAE04EC0-301F-11D3-BF4B-00C04F79EFBC}") = "SJZDEyes", "SJZDEyes\SJZDEyes.csproj", "{3B1EA378-32EC-4576-966B-C8F277A598C2}"
EndProject
Project("{FAE04EC0-301F-11D3-BF4B-00C04F79EFBC}") = "UserRight", "UserRight\UserRight.csproj", "{D2D53C85-1A5D-43AC-9384-F1CEA70C7F27}"
EndProject
Project("{FAE04EC0-301F-11D3-BF4B-00C04F79EFBC}") = "DBHelper", "DBHelper\DBHelper.csproj", "{F36D3B2A-1390-44AB-8423-70D023FE1B12}"
EndProject
Project("{FAE04EC0-301F-11D3-BF4B-00C04F79EFBC}") = "Communication", "Communication\Communication.csproj", "{EF5F2B57-91A0-4D24-9EB7-B1B3B43FFCBE}"
EndProject
Project("{FAE04EC0-301F-11D3-BF4B-00C04F79EFBC}") = "USB3WinAPI", "USB3WindowsAPI\USB3WinAPI.csproj", "{93F7D0E6-5524-48C0-8A6B-EF7FF67B23C7}"
EndProject
Project("{FAE04EC0-301F-11D3-BF4B-00C04F79EFBC}") = "GlobalTools", "GlobalTool\GlobalTools.csproj", "{35341733-482E-4F4B-A1DD-F23B66F0F666}"
EndProject
Project("{FAE04EC0-301F-11D3-BF4B-00C04F79EFBC}") = "ShareMemory", "ShareMemory\ShareMemory.csproj", "{144F9CDF-A4D3-4BEA-9D91-D4327C07AFAA}"
EndProject
Project("{FAE04EC0-301F-11D3-BF4B-00C04F79EFBC}") = "ShowAllLines", "ShowAllLines\ShowAllLines.csproj", "{A3059AA8-123E-4649-B45B-B90939CF7046}"
EndProject
Project("{FAE04EC0-301F-11D3-BF4B-00C04F79EFBC}") = "OCT", "OCT\OCT.csproj", "{9BFF071C-EEE5-4079-A3E9-22E3A0A478CE}"
EndProject
Project("{FAE04EC0-301F-11D3-BF4B-00C04F79EFBC}") = "AveBitmap", "AveBitmap\AveBitmap.csproj", "{643C0C2A-BDB1-408F-9678-8CC20C12EA63}"
EndProject
Project("{FAE04EC0-301F-11D3-BF4B-00C04F79EFBC}") = "ConfigCPUCore", "ConfigCPUCore\ConfigCPUCore.csproj", "{09655D8F-8616-47FE-AF3B-B7800FCAD75B}"
EndProject
Project("{FAE04EC0-301F-11D3-BF4B-00C04F79EFBC}") = "UserControls", "UserControls\UserControls.csproj", "{C14F2BB7-C06F-4999-B04C-ED56B0638038}"
EndProject
Project("{FAE04EC0-301F-11D3-BF4B-00C04F79EFBC}") = "Log", "Log\Log.csproj", "{8C8675E6-7761-4561-A5B4-6D97A3C89B52}"
EndProject
Project("{FAE04EC0-301F-11D3-BF4B-00C04F79EFBC}") = "Skin", "Skin\Skin.csproj", "{D0CC78D1-D5C7-4814-B5A8-57C8AD3B9A62}"
EndProject
Project("{FAE04EC0-301F-11D3-BF4B-00C04F79EFBC}") = "DrawingGraphics", "DrawingGraphics\DrawingGraphics.csproj", "{349E59BE-D156-40E1-B44C-E347A864DA44}"
EndProject
Global
	GlobalSection(SolutionConfigurationPlatforms) = preSolution
		Debug|Any CPU = Debug|Any CPU
		Debug|x64 = Debug|x64
		Release|Any CPU = Release|Any CPU
		Release|x64 = Release|x64
	EndGlobalSection
	GlobalSection(ProjectConfigurationPlatforms) = postSolution
		{3B1EA378-32EC-4576-966B-C8F277A598C2}.Debug|Any CPU.ActiveCfg = Debug|Any CPU
		{3B1EA378-32EC-4576-966B-C8F277A598C2}.Debug|Any CPU.Build.0 = Debug|Any CPU
		{3B1EA378-32EC-4576-966B-C8F277A598C2}.Debug|x64.ActiveCfg = Debug|Any CPU
		{3B1EA378-32EC-4576-966B-C8F277A598C2}.Debug|x64.Build.0 = Debug|Any CPU
		{3B1EA378-32EC-4576-966B-C8F277A598C2}.Release|Any CPU.ActiveCfg = Release|Any CPU
		{3B1EA378-32EC-4576-966B-C8F277A598C2}.Release|Any CPU.Build.0 = Release|Any CPU
		{3B1EA378-32EC-4576-966B-C8F277A598C2}.Release|x64.ActiveCfg = Release|Any CPU
		{3B1EA378-32EC-4576-966B-C8F277A598C2}.Release|x64.Build.0 = Release|Any CPU
		{D2D53C85-1A5D-43AC-9384-F1CEA70C7F27}.Debug|Any CPU.ActiveCfg = Debug|Any CPU
		{D2D53C85-1A5D-43AC-9384-F1CEA70C7F27}.Debug|Any CPU.Build.0 = Debug|Any CPU
		{D2D53C85-1A5D-43AC-9384-F1CEA70C7F27}.Debug|x64.ActiveCfg = Debug|Any CPU
		{D2D53C85-1A5D-43AC-9384-F1CEA70C7F27}.Debug|x64.Build.0 = Debug|Any CPU
		{D2D53C85-1A5D-43AC-9384-F1CEA70C7F27}.Release|Any CPU.ActiveCfg = Release|Any CPU
		{D2D53C85-1A5D-43AC-9384-F1CEA70C7F27}.Release|Any CPU.Build.0 = Release|Any CPU
		{D2D53C85-1A5D-43AC-9384-F1CEA70C7F27}.Release|x64.ActiveCfg = Release|Any CPU
		{D2D53C85-1A5D-43AC-9384-F1CEA70C7F27}.Release|x64.Build.0 = Release|Any CPU
		{F36D3B2A-1390-44AB-8423-70D023FE1B12}.Debug|Any CPU.ActiveCfg = Debug|Any CPU
		{F36D3B2A-1390-44AB-8423-70D023FE1B12}.Debug|Any CPU.Build.0 = Debug|Any CPU
		{F36D3B2A-1390-44AB-8423-70D023FE1B12}.Debug|x64.ActiveCfg = Debug|Any CPU
		{F36D3B2A-1390-44AB-8423-70D023FE1B12}.Debug|x64.Build.0 = Debug|Any CPU
		{F36D3B2A-1390-44AB-8423-70D023FE1B12}.Release|Any CPU.ActiveCfg = Release|Any CPU
		{F36D3B2A-1390-44AB-8423-70D023FE1B12}.Release|Any CPU.Build.0 = Release|Any CPU
		{F36D3B2A-1390-44AB-8423-70D023FE1B12}.Release|x64.ActiveCfg = Release|Any CPU
		{F36D3B2A-1390-44AB-8423-70D023FE1B12}.Release|x64.Build.0 = Release|Any CPU
		{EF5F2B57-91A0-4D24-9EB7-B1B3B43FFCBE}.Debug|Any CPU.ActiveCfg = Debug|Any CPU
		{EF5F2B57-91A0-4D24-9EB7-B1B3B43FFCBE}.Debug|Any CPU.Build.0 = Debug|Any CPU
		{EF5F2B57-91A0-4D24-9EB7-B1B3B43FFCBE}.Debug|x64.ActiveCfg = Debug|Any CPU
		{EF5F2B57-91A0-4D24-9EB7-B1B3B43FFCBE}.Debug|x64.Build.0 = Debug|Any CPU
		{EF5F2B57-91A0-4D24-9EB7-B1B3B43FFCBE}.Release|Any CPU.ActiveCfg = Release|Any CPU
		{EF5F2B57-91A0-4D24-9EB7-B1B3B43FFCBE}.Release|Any CPU.Build.0 = Release|Any CPU
		{EF5F2B57-91A0-4D24-9EB7-B1B3B43FFCBE}.Release|x64.ActiveCfg = Release|Any CPU
		{EF5F2B57-91A0-4D24-9EB7-B1B3B43FFCBE}.Release|x64.Build.0 = Release|Any CPU
		{93F7D0E6-5524-48C0-8A6B-EF7FF67B23C7}.Debug|Any CPU.ActiveCfg = Debug|Any CPU
		{93F7D0E6-5524-48C0-8A6B-EF7FF67B23C7}.Debug|Any CPU.Build.0 = Debug|Any CPU
		{93F7D0E6-5524-48C0-8A6B-EF7FF67B23C7}.Debug|x64.ActiveCfg = Debug|Any CPU
		{93F7D0E6-5524-48C0-8A6B-EF7FF67B23C7}.Debug|x64.Build.0 = Debug|Any CPU
		{93F7D0E6-5524-48C0-8A6B-EF7FF67B23C7}.Release|Any CPU.ActiveCfg = Release|Any CPU
		{93F7D0E6-5524-48C0-8A6B-EF7FF67B23C7}.Release|Any CPU.Build.0 = Release|Any CPU
		{93F7D0E6-5524-48C0-8A6B-EF7FF67B23C7}.Release|x64.ActiveCfg = Release|Any CPU
		{93F7D0E6-5524-48C0-8A6B-EF7FF67B23C7}.Release|x64.Build.0 = Release|Any CPU
		{35341733-482E-4F4B-A1DD-F23B66F0F666}.Debug|Any CPU.ActiveCfg = Debug|Any CPU
		{35341733-482E-4F4B-A1DD-F23B66F0F666}.Debug|Any CPU.Build.0 = Debug|Any CPU
		{35341733-482E-4F4B-A1DD-F23B66F0F666}.Debug|x64.ActiveCfg = Debug|Any CPU
		{35341733-482E-4F4B-A1DD-F23B66F0F666}.Debug|x64.Build.0 = Debug|Any CPU
		{35341733-482E-4F4B-A1DD-F23B66F0F666}.Release|Any CPU.ActiveCfg = Release|Any CPU
		{35341733-482E-4F4B-A1DD-F23B66F0F666}.Release|Any CPU.Build.0 = Release|Any CPU
		{35341733-482E-4F4B-A1DD-F23B66F0F666}.Release|x64.ActiveCfg = Release|Any CPU
		{35341733-482E-4F4B-A1DD-F23B66F0F666}.Release|x64.Build.0 = Release|Any CPU
		{144F9CDF-A4D3-4BEA-9D91-D4327C07AFAA}.Debug|Any CPU.ActiveCfg = Debug|Any CPU
		{144F9CDF-A4D3-4BEA-9D91-D4327C07AFAA}.Debug|Any CPU.Build.0 = Debug|Any CPU
		{144F9CDF-A4D3-4BEA-9D91-D4327C07AFAA}.Debug|x64.ActiveCfg = Debug|Any CPU
		{144F9CDF-A4D3-4BEA-9D91-D4327C07AFAA}.Debug|x64.Build.0 = Debug|Any CPU
		{144F9CDF-A4D3-4BEA-9D91-D4327C07AFAA}.Release|Any CPU.ActiveCfg = Release|Any CPU
		{144F9CDF-A4D3-4BEA-9D91-D4327C07AFAA}.Release|Any CPU.Build.0 = Release|Any CPU
		{144F9CDF-A4D3-4BEA-9D91-D4327C07AFAA}.Release|x64.ActiveCfg = Release|Any CPU
		{144F9CDF-A4D3-4BEA-9D91-D4327C07AFAA}.Release|x64.Build.0 = Release|Any CPU
		{A3059AA8-123E-4649-B45B-B90939CF7046}.Debug|Any CPU.ActiveCfg = Debug|Any CPU
		{A3059AA8-123E-4649-B45B-B90939CF7046}.Debug|Any CPU.Build.0 = Debug|Any CPU
		{A3059AA8-123E-4649-B45B-B90939CF7046}.Debug|x64.ActiveCfg = Debug|Any CPU
		{A3059AA8-123E-4649-B45B-B90939CF7046}.Debug|x64.Build.0 = Debug|Any CPU
		{A3059AA8-123E-4649-B45B-B90939CF7046}.Release|Any CPU.ActiveCfg = Release|Any CPU
		{A3059AA8-123E-4649-B45B-B90939CF7046}.Release|Any CPU.Build.0 = Release|Any CPU
		{A3059AA8-123E-4649-B45B-B90939CF7046}.Release|x64.ActiveCfg = Release|Any CPU
		{A3059AA8-123E-4649-B45B-B90939CF7046}.Release|x64.Build.0 = Release|Any CPU
		{9BFF071C-EEE5-4079-A3E9-22E3A0A478CE}.Debug|Any CPU.ActiveCfg = Debug|Any CPU
		{9BFF071C-EEE5-4079-A3E9-22E3A0A478CE}.Debug|Any CPU.Build.0 = Debug|Any CPU
		{9BFF071C-EEE5-4079-A3E9-22E3A0A478CE}.Debug|x64.ActiveCfg = Debug|Any CPU
		{9BFF071C-EEE5-4079-A3E9-22E3A0A478CE}.Debug|x64.Build.0 = Debug|Any CPU
		{9BFF071C-EEE5-4079-A3E9-22E3A0A478CE}.Release|Any CPU.ActiveCfg = Release|Any CPU
		{9BFF071C-EEE5-4079-A3E9-22E3A0A478CE}.Release|Any CPU.Build.0 = Release|Any CPU
		{9BFF071C-EEE5-4079-A3E9-22E3A0A478CE}.Release|x64.ActiveCfg = Release|Any CPU
		{9BFF071C-EEE5-4079-A3E9-22E3A0A478CE}.Release|x64.Build.0 = Release|Any CPU
		{643C0C2A-BDB1-408F-9678-8CC20C12EA63}.Debug|Any CPU.ActiveCfg = Debug|Any CPU
		{643C0C2A-BDB1-408F-9678-8CC20C12EA63}.Debug|Any CPU.Build.0 = Debug|Any CPU
		{643C0C2A-BDB1-408F-9678-8CC20C12EA63}.Debug|x64.ActiveCfg = Debug|x64
		{643C0C2A-BDB1-408F-9678-8CC20C12EA63}.Debug|x64.Build.0 = Debug|x64
		{643C0C2A-BDB1-408F-9678-8CC20C12EA63}.Release|Any CPU.ActiveCfg = Release|Any CPU
		{643C0C2A-BDB1-408F-9678-8CC20C12EA63}.Release|Any CPU.Build.0 = Release|Any CPU
		{643C0C2A-BDB1-408F-9678-8CC20C12EA63}.Release|x64.ActiveCfg = Release|x64
		{643C0C2A-BDB1-408F-9678-8CC20C12EA63}.Release|x64.Build.0 = Release|x64
		{09655D8F-8616-47FE-AF3B-B7800FCAD75B}.Debug|Any CPU.ActiveCfg = Debug|Any CPU
		{09655D8F-8616-47FE-AF3B-B7800FCAD75B}.Debug|Any CPU.Build.0 = Debug|Any CPU
		{09655D8F-8616-47FE-AF3B-B7800FCAD75B}.Debug|x64.ActiveCfg = Debug|Any CPU
		{09655D8F-8616-47FE-AF3B-B7800FCAD75B}.Debug|x64.Build.0 = Debug|Any CPU
		{09655D8F-8616-47FE-AF3B-B7800FCAD75B}.Release|Any CPU.ActiveCfg = Release|Any CPU
		{09655D8F-8616-47FE-AF3B-B7800FCAD75B}.Release|Any CPU.Build.0 = Release|Any CPU
		{09655D8F-8616-47FE-AF3B-B7800FCAD75B}.Release|x64.ActiveCfg = Release|Any CPU
		{09655D8F-8616-47FE-AF3B-B7800FCAD75B}.Release|x64.Build.0 = Release|Any CPU
		{C14F2BB7-C06F-4999-B04C-ED56B0638038}.Debug|Any CPU.ActiveCfg = Debug|Any CPU
		{C14F2BB7-C06F-4999-B04C-ED56B0638038}.Debug|Any CPU.Build.0 = Debug|Any CPU
		{C14F2BB7-C06F-4999-B04C-ED56B0638038}.Debug|x64.ActiveCfg = Debug|Any CPU
		{C14F2BB7-C06F-4999-B04C-ED56B0638038}.Debug|x64.Build.0 = Debug|Any CPU
		{C14F2BB7-C06F-4999-B04C-ED56B0638038}.Release|Any CPU.ActiveCfg = Release|Any CPU
		{C14F2BB7-C06F-4999-B04C-ED56B0638038}.Release|Any CPU.Build.0 = Release|Any CPU
		{C14F2BB7-C06F-4999-B04C-ED56B0638038}.Release|x64.ActiveCfg = Release|Any CPU
		{C14F2BB7-C06F-4999-B04C-ED56B0638038}.Release|x64.Build.0 = Release|Any CPU
		{8C8675E6-7761-4561-A5B4-6D97A3C89B52}.Debug|Any CPU.ActiveCfg = Debug|Any CPU
		{8C8675E6-7761-4561-A5B4-6D97A3C89B52}.Debug|Any CPU.Build.0 = Debug|Any CPU
		{8C8675E6-7761-4561-A5B4-6D97A3C89B52}.Debug|x64.ActiveCfg = Debug|Any CPU
		{8C8675E6-7761-4561-A5B4-6D97A3C89B52}.Debug|x64.Build.0 = Debug|Any CPU
		{8C8675E6-7761-4561-A5B4-6D97A3C89B52}.Release|Any CPU.ActiveCfg = Release|Any CPU
		{8C8675E6-7761-4561-A5B4-6D97A3C89B52}.Release|Any CPU.Build.0 = Release|Any CPU
		{8C8675E6-7761-4561-A5B4-6D97A3C89B52}.Release|x64.ActiveCfg = Release|Any CPU
		{8C8675E6-7761-4561-A5B4-6D97A3C89B52}.Release|x64.Build.0 = Release|Any CPU
		{D0CC78D1-D5C7-4814-B5A8-57C8AD3B9A62}.Debug|Any CPU.ActiveCfg = Debug|Any CPU
		{D0CC78D1-D5C7-4814-B5A8-57C8AD3B9A62}.Debug|Any CPU.Build.0 = Debug|Any CPU
		{D0CC78D1-D5C7-4814-B5A8-57C8AD3B9A62}.Debug|x64.ActiveCfg = Debug|Any CPU
		{D0CC78D1-D5C7-4814-B5A8-57C8AD3B9A62}.Debug|x64.Build.0 = Debug|Any CPU
		{D0CC78D1-D5C7-4814-B5A8-57C8AD3B9A62}.Release|Any CPU.ActiveCfg = Release|Any CPU
		{D0CC78D1-D5C7-4814-B5A8-57C8AD3B9A62}.Release|Any CPU.Build.0 = Release|Any CPU
		{D0CC78D1-D5C7-4814-B5A8-57C8AD3B9A62}.Release|x64.ActiveCfg = Release|Any CPU
		{D0CC78D1-D5C7-4814-B5A8-57C8AD3B9A62}.Release|x64.Build.0 = Release|Any CPU
		{349E59BE-D156-40E1-B44C-E347A864DA44}.Debug|Any CPU.ActiveCfg = Debug|Any CPU
		{349E59BE-D156-40E1-B44C-E347A864DA44}.Debug|Any CPU.Build.0 = Debug|Any CPU
		{349E59BE-D156-40E1-B44C-E347A864DA44}.Debug|x64.ActiveCfg = Debug|Any CPU
		{349E59BE-D156-40E1-B44C-E347A864DA44}.Debug|x64.Build.0 = Debug|Any CPU
		{349E59BE-D156-40E1-B44C-E347A864DA44}.Release|Any CPU.ActiveCfg = Release|Any CPU
		{349E59BE-D156-40E1-B44C-E347A864DA44}.Release|Any CPU.Build.0 = Release|Any CPU
		{349E59BE-D156-40E1-B44C-E347A864DA44}.Release|x64.ActiveCfg = Release|Any CPU
		{349E59BE-D156-40E1-B44C-E347A864DA44}.Release|x64.Build.0 = Release|Any CPU
	EndGlobalSection
	GlobalSection(SolutionProperties) = preSolution
		HideSolutionNode = FALSE
	EndGlobalSection
EndGlobal
